
Microsoft Visual Studio Solution File, Format Version 12.00
# Visual Studio Version 16
VisualStudioVersion = 16.0.32413.511
MinimumVisualStudioVersion = 10.0.40219.1
Project("{9A19103F-16F7-4668-BE54-9A1E7A4F7556}") = "Sistema_Vacunacion_CentrodeSalud", "ProyectoEsteSi\Sistema_Vacunacion_CentrodeSalud.csproj", "{FF49ED38-575C-4769-8112-7F32C0A20ADC}"
EndProject
Global
	GlobalSection(SolutionConfigurationPlatforms) = preSolution
		Debug|Any CPU = Debug|Any CPU
		Release|Any CPU = Release|Any CPU
	EndGlobalSection
	GlobalSection(ProjectConfigurationPlatforms) = postSolution
		{FF49ED38-575C-4769-8112-7F32C0A20ADC}.Debug|Any CPU.ActiveCfg = Debug|Any CPU
		{FF49ED38-575C-4769-8112-7F32C0A20ADC}.Debug|Any CPU.Build.0 = Debug|Any CPU
		{FF49ED38-575C-4769-8112-7F32C0A20ADC}.Release|Any CPU.ActiveCfg = Release|Any CPU
		{FF49ED38-575C-4769-8112-7F32C0A20ADC}.Release|Any CPU.Build.0 = Release|Any CPU
	EndGlobalSection
	GlobalSection(SolutionProperties) = preSolution
		HideSolutionNode = FALSE
	EndGlobalSection
	GlobalSection(ExtensibilityGlobals) = postSolution
		SolutionGuid = {89148774-002D-4556-A89D-A954FD81AA8A}
	EndGlobalSection
EndGlobal
